
Microsoft Visual Studio Solution File, Format Version 12.00
# Visual Studio Version 17
VisualStudioVersion = 17.6.33815.320
MinimumVisualStudioVersion = 10.0.40219.1
Project("{FAE04EC0-301F-11D3-BF4B-00C04F79EFBC}") = "EcomBackend", "EcomBackend\EcomBackend.csproj", "{EC504D92-20F5-4AC3-9164-484DF4F93560}"
EndProject
Global
	GlobalSection(SolutionConfigurationPlatforms) = preSolution
		Debug|Any CPU = Debug|Any CPU
		Release|Any CPU = Release|Any CPU
	EndGlobalSection
	GlobalSection(ProjectConfigurationPlatforms) = postSolution
		{EC504D92-20F5-4AC3-9164-484DF4F93560}.Debug|Any CPU.ActiveCfg = Debug|Any CPU
		{EC504D92-20F5-4AC3-9164-484DF4F93560}.Debug|Any CPU.Build.0 = Debug|Any CPU
		{EC504D92-20F5-4AC3-9164-484DF4F93560}.Release|Any CPU.ActiveCfg = Release|Any CPU
		{EC504D92-20F5-4AC3-9164-484DF4F93560}.Release|Any CPU.Build.0 = Release|Any CPU
	EndGlobalSection
	GlobalSection(SolutionProperties) = preSolution
		HideSolutionNode = FALSE
	EndGlobalSection
	GlobalSection(ExtensibilityGlobals) = postSolution
		SolutionGuid = {E6BBA680-C566-4A01-8F55-DB00A0237045}
	EndGlobalSection
EndGlobal
